<?xml version="1.0" encoding="utf-8"?>
<Project ToolsVersion="4.0" xmlns="http://schemas.microsoft.com/developer/msbuild/2003">
  <ItemGroup>
    <Filter Include="Source Files">
      <UniqueIdentifier>{4FC737F1-C7A5-4376-A066-2A32D752A2FF}</UniqueIdentifier>
      <Extensions>cpp;c;cc;cxx;def;odl;idl;hpj;bat;asm;asmx</Extensions>
    </Filter>
    <Filter Include="Header Files">
      <UniqueIdentifier>{93995380-89BD-4b04-88EB-625FBE52EBFB}</UniqueIdentifier>
      <Extensions>h;hh;hpp;hxx;hm;inl;inc;ipp;xsd</Extensions>
    </Filter>
    <Filter Include="Resource Files">
      <UniqueIdentifier>{67DA6AB6-F800-4c08-8B7A-83BB121AAD01}</UniqueIdentifier>
      <Extensions>rc;ico;cur;bmp;dlg;rc2;rct;bin;rgs;gif;jpg;jpeg;jpe;resx;tiff;tif;png;wav;mfcribbon-ms</Extensions>
    </Filter>
    <Filter Include="alloc">
      <UniqueIdentifier>{05ded399-cd1d-4857-bc47-99bbc271d6dd}</UniqueIdentifier>
    </Filter>
    <Filter Include="str">
      <UniqueIdentifier>{f0b0614d-a217-4281-9567-402ac8d5316a}</UniqueIdentifier>
    </Filter>
    <Filter Include="exception">
      <UniqueIdentifier>{b051635e-a8ac-4484-aa48-c4361777f19d}</UniqueIdentifier>
    </Filter>
    <Filter Include="stream">
      <UniqueIdentifier>{39f3f16f-8666-4e66-8284-01b6bca44d98}</UniqueIdentifier>
    </Filter>
    <Filter Include="exception\win">
      <UniqueIdentifier>{27fb24cf-2fea-4ba5-897f-64f4bb3065f3}</UniqueIdentifier>
    </Filter>
    <Filter Include="exception\posix">
      <UniqueIdentifier>{46c56657-9a16-4e14-837c-bbcfb1773b91}</UniqueIdentifier>
    </Filter>
    <Filter Include="filesystem">
      <UniqueIdentifier>{8b8cc4f2-3e27-49ec-ae0b-0badb86c8123}</UniqueIdentifier>
    </Filter>
    <Filter Include="log">
      <UniqueIdentifier>{98a20606-9a68-4200-b4b5-749970a63c9c}</UniqueIdentifier>
    </Filter>
    <Filter Include="synch">
      <UniqueIdentifier>{512845ca-3db7-4162-b1e2-6280ebad1857}</UniqueIdentifier>
    </Filter>
    <Filter Include="system">
      <UniqueIdentifier>{c93b436b-43ba-4307-ab0b-dd06afeb4ac1}</UniqueIdentifier>
    </Filter>
    <Filter Include="system\win">
      <UniqueIdentifier>{66e48ec3-e326-411d-bcec-8d7fe7438ab9}</UniqueIdentifier>
    </Filter>
    <Filter Include="system\linux">
      <UniqueIdentifier>{22e74913-fbb6-48db-b726-77a916a7343a}</UniqueIdentifier>
    </Filter>
    <Filter Include="utils">
      <UniqueIdentifier>{f3cc36cb-4729-4464-9663-e8c40ae6b465}</UniqueIdentifier>
    </Filter>
    <Filter Include="compress">
      <UniqueIdentifier>{8248e3cc-dcbc-477e-86fd-64c6f8c2de54}</UniqueIdentifier>
    </Filter>
    <Filter Include="compress\zlib">
      <UniqueIdentifier>{2a2ace47-ffac-4090-97d0-0ec70801c63a}</UniqueIdentifier>
    </Filter>
    <Filter Include="perf">
      <UniqueIdentifier>{768f421a-ccd9-4ec7-a719-d79c0f4c2714}</UniqueIdentifier>
    </Filter>
    <Filter Include="compress\EntropyCoders">
      <UniqueIdentifier>{96e45132-c0c5-4a99-9757-8331bcc41725}</UniqueIdentifier>
    </Filter>
    <Filter Include="compress\zstd">
      <UniqueIdentifier>{4655726a-dfdf-4717-81e4-bc4613a609e5}</UniqueIdentifier>
    </Filter>
    <Filter Include="perf\win">
      <UniqueIdentifier>{a39aaa7a-4248-4465-b9d0-e9b0596fc727}</UniqueIdentifier>
    </Filter>
    <Filter Include="perf\lin">
      <UniqueIdentifier>{8bd36497-dab2-49f2-9437-4338269c7aab}</UniqueIdentifier>
    </Filter>
    <Filter Include="network">
      <UniqueIdentifier>{0674de45-1b03-421f-abc5-4a2f7499594c}</UniqueIdentifier>
    </Filter>
    <Filter Include="crypto">
      <UniqueIdentifier>{d47db752-4248-46f1-a863-12ce1c12b6b3}</UniqueIdentifier>
    </Filter>
    <Filter Include="network\exeption">
      <UniqueIdentifier>{eb1a7869-540f-4ca5-8c1a-3288019ca099}</UniqueIdentifier>
    </Filter>
    <Filter Include="data">
      <UniqueIdentifier>{ffc9d62f-2830-466f-b3c9-3053391e231e}</UniqueIdentifier>
    </Filter>
    <Filter Include="guid">
      <UniqueIdentifier>{23c50883-aa84-4707-ac93-191488b270f0}</UniqueIdentifier>
    </Filter>
    <Filter Include="sqlitelib">
      <UniqueIdentifier>{3b69ba05-98a3-4ac0-8ffe-350839872017}</UniqueIdentifier>
    </Filter>
    <Filter Include="sqlitelib\sqlite">
      <UniqueIdentifier>{36b27408-657b-478c-94ee-0481749f1b90}</UniqueIdentifier>
    </Filter>
    <Filter Include="sqlitelib\sqlite\db">
      <UniqueIdentifier>{b65c1278-d21d-4956-b6eb-b45dc937963e}</UniqueIdentifier>
    </Filter>
    <Filter Include="sqlitelib\sqlite\filesys">
      <UniqueIdentifier>{c9654562-e2c8-44bf-936b-ce8077ee9347}</UniqueIdentifier>
    </Filter>
    <Filter Include="crypto\winapi">
      <UniqueIdentifier>{26247591-b369-4328-b4ec-39d675352510}</UniqueIdentifier>
    </Filter>
    <Filter Include="crypto\winapi\Random">
      <UniqueIdentifier>{698ce39e-5764-49a3-8ff5-abaf62b03a83}</UniqueIdentifier>
    </Filter>
    <Filter Include="crypto\winapi\AES">
      <UniqueIdentifier>{6bcc9854-58b2-4fe9-88a8-303661e8be2f}</UniqueIdentifier>
    </Filter>
    <Filter Include="crypto\openssllib">
      <UniqueIdentifier>{5b2524ed-d183-4ba3-9cb3-3120f7566226}</UniqueIdentifier>
    </Filter>
  </ItemGroup>
  <ItemGroup>
    <ClInclude Include="stdafx.h">
      <Filter>Header Files</Filter>
    </ClInclude>
    <ClInclude Include="targetver.h">
      <Filter>Header Files</Filter>
    </ClInclude>
    <ClInclude Include="CommonLib.h">
      <Filter>Header Files</Filter>
    </ClInclude>
    <ClInclude Include="alloc\alloc.h">
      <Filter>alloc</Filter>
    </ClInclude>
    <ClInclude Include="alloc\simpleAlloc.h">
      <Filter>alloc</Filter>
    </ClInclude>
    <ClInclude Include="alloc\stl_alloc.h">
      <Filter>alloc</Filter>
    </ClInclude>
    <ClInclude Include="exception\exc_base.h">
      <Filter>exception</Filter>
    </ClInclude>
    <ClInclude Include="str\str.h">
      <Filter>str</Filter>
    </ClInclude>
    <ClInclude Include="CommonLib_lib.h">
      <Filter>Header Files</Filter>
    </ClInclude>
    <ClInclude Include="str\convertToString.h">
      <Filter>str</Filter>
    </ClInclude>
    <ClInclude Include="exception\WinExc.h">
      <Filter>exception\win</Filter>
    </ClInclude>
    <ClInclude Include="stream\stream.h">
      <Filter>stream</Filter>
    </ClInclude>
    <ClInclude Include="str\multibyte.h">
      <Filter>str</Filter>
    </ClInclude>
    <ClInclude Include="filesystem\File.h">
      <Filter>filesystem</Filter>
    </ClInclude>
    <ClInclude Include="filesystem\FileWin.h">
      <Filter>filesystem</Filter>
    </ClInclude>
    <ClInclude Include="str\StringEncoding.h">
      <Filter>str</Filter>
    </ClInclude>
    <ClInclude Include="stream\MemoryStream.h">
      <Filter>stream</Filter>
    </ClInclude>
    <ClInclude Include="stream\FixedMemoryStream.h">
      <Filter>stream</Filter>
    </ClInclude>
    <ClInclude Include="filesystem\filesystem.h">
      <Filter>filesystem</Filter>
    </ClInclude>
    <ClInclude Include="stream\StreamBaseEmpty.h">
      <Filter>stream</Filter>
    </ClInclude>
    <ClInclude Include="log\logger.h">
      <Filter>log</Filter>
    </ClInclude>
    <ClInclude Include="str\StringTemplateArg.h">
      <Filter>str</Filter>
    </ClInclude>
    <ClInclude Include="log\log.h">
      <Filter>log</Filter>
    </ClInclude>
    <ClInclude Include="log\LogLinePerformer.h">
      <Filter>log</Filter>
    </ClInclude>
    <ClInclude Include="synch\thread.h">
      <Filter>synch</Filter>
    </ClInclude>
    <ClInclude Include="synch\WinThread.h">
      <Filter>synch</Filter>
    </ClInclude>
    <ClInclude Include="synch\PosixThread.h">
      <Filter>synch</Filter>
    </ClInclude>
    <ClInclude Include="system\win\DynamicLibWin.h">
      <Filter>system\win</Filter>
    </ClInclude>
    <ClInclude Include="log\FileAsyncLogger.h">
      <Filter>log</Filter>
    </ClInclude>
    <ClInclude Include="synch\SyncQueue.h">
      <Filter>synch</Filter>
    </ClInclude>
    <ClInclude Include="log\LogFileWriterBase.h">
      <Filter>log</Filter>
    </ClInclude>
    <ClInclude Include="filesystem\PathUtils.h">
      <Filter>filesystem</Filter>
    </ClInclude>
    <ClInclude Include="utils\ObjHolder.h">
      <Filter>utils</Filter>
    </ClInclude>
    <ClInclude Include="str\StrUtils.h">
      <Filter>str</Filter>
    </ClInclude>
    <ClInclude Include="stream\io.h">
      <Filter>stream</Filter>
    </ClInclude>
    <ClInclude Include="compress\zlib\crc32.h">
      <Filter>compress\zlib</Filter>
    </ClInclude>
    <ClInclude Include="compress\zlib\deflate.h">
      <Filter>compress\zlib</Filter>
    </ClInclude>
    <ClInclude Include="compress\zlib\gzguts.h">
      <Filter>compress\zlib</Filter>
    </ClInclude>
    <ClInclude Include="compress\zlib\inffast.h">
      <Filter>compress\zlib</Filter>
    </ClInclude>
    <ClInclude Include="compress\zlib\inffixed.h">
      <Filter>compress\zlib</Filter>
    </ClInclude>
    <ClInclude Include="compress\zlib\inflate.h">
      <Filter>compress\zlib</Filter>
    </ClInclude>
    <ClInclude Include="compress\zlib\inftrees.h">
      <Filter>compress\zlib</Filter>
    </ClInclude>
    <ClInclude Include="compress\zlib\trees.h">
      <Filter>compress\zlib</Filter>
    </ClInclude>
    <ClInclude Include="compress\zlib\zconf.h">
      <Filter>compress\zlib</Filter>
    </ClInclude>
    <ClInclude Include="compress\zlib\zlib.h">
      <Filter>compress\zlib</Filter>
    </ClInclude>
    <ClInclude Include="compress\zlib\zutil.h">
      <Filter>compress\zlib</Filter>
    </ClInclude>
    <ClInclude Include="compress\zlib\ZlibUtil.h">
      <Filter>compress\zlib</Filter>
    </ClInclude>
    <ClInclude Include="perf\PerfCount.h">
      <Filter>perf</Filter>
    </ClInclude>
    <ClInclude Include="compress\zlib\ZStream.h">
      <Filter>compress\zlib</Filter>
    </ClInclude>
    <ClInclude Include="compress\EntropyCoders\BaseACCoder.h">
      <Filter>compress\EntropyCoders</Filter>
    </ClInclude>
    <ClInclude Include="compress\EntropyCoders\ArithmeticCoder.h">
      <Filter>compress\EntropyCoders</Filter>
    </ClInclude>
    <ClInclude Include="compress\EntropyCoders\RangeCoder.h">
      <Filter>compress\EntropyCoders</Filter>
    </ClInclude>
    <ClInclude Include="compress\zstd\ZstdCompressionStream.h">
      <Filter>compress\zstd</Filter>
    </ClInclude>
    <ClInclude Include="compress\zstd\ZstdDecompressionStream.h">
      <Filter>compress\zstd</Filter>
    </ClInclude>
    <ClInclude Include="perf\win\PerformanceTimer.h">
      <Filter>perf\win</Filter>
    </ClInclude>
    <ClInclude Include="perf\lin\PerformanceTimer.h">
      <Filter>perf\lin</Filter>
    </ClInclude>
    <ClInclude Include="compress\zlib\ZCompressStream.h">
      <Filter>compress\zlib</Filter>
    </ClInclude>
    <ClInclude Include="compress\zlib\ZDecompressStream.h">
      <Filter>compress\zlib</Filter>
    </ClInclude>
    <ClInclude Include="stream\BitStream.h">
      <Filter>stream</Filter>
    </ClInclude>
    <ClInclude Include="stream\FixedBitStream.h">
      <Filter>stream</Filter>
    </ClInclude>
    <ClInclude Include="stream\WriteBitStream.h">
      <Filter>stream</Filter>
    </ClInclude>
    <ClInclude Include="log\LogInfo.h">
      <Filter>log</Filter>
    </ClInclude>
    <ClInclude Include="log\ConsoleLogWriter.h">
      <Filter>log</Filter>
    </ClInclude>
    <ClInclude Include="exception\PosixExc.h">
      <Filter>exception\posix</Filter>
    </ClInclude>
    <ClInclude Include="exception\ComExc.h">
      <Filter>exception\win</Filter>
    </ClInclude>
    <ClInclude Include="crypto\IDataCipher.h">
      <Filter>crypto</Filter>
    </ClInclude>
    <ClInclude Include="exception\WinSockExc.h">
      <Filter>exception\win</Filter>
    </ClInclude>
    <ClInclude Include="network\BaseSocketIP.h">
      <Filter>network</Filter>
    </ClInclude>
    <ClInclude Include="network\SocketAddr.h">
      <Filter>network</Filter>
    </ClInclude>
    <ClInclude Include="network\ServerSocket.h">
      <Filter>network</Filter>
    </ClInclude>
    <ClInclude Include="network\ClientSocket.h">
      <Filter>network</Filter>
    </ClInclude>
    <ClInclude Include="network\AddrInfo.h">
      <Filter>network</Filter>
    </ClInclude>
    <ClInclude Include="network\AcceptedSocket.h">
      <Filter>network</Filter>
    </ClInclude>
    <ClInclude Include="network\SocketUtil.h">
      <Filter>network</Filter>
    </ClInclude>
    <ClInclude Include="network\CloseConnectionExc.h">
      <Filter>network\exeption</Filter>
    </ClInclude>
    <ClInclude Include="network\OperationTimeoutExc.h">
      <Filter>network\exeption</Filter>
    </ClInclude>
    <ClInclude Include="data\ByteArray.h">
      <Filter>data</Filter>
    </ClInclude>
    <ClInclude Include="network\NetworkStreamIoDev.h">
      <Filter>network</Filter>
    </ClInclude>
    <ClInclude Include="network\portable_endian.h">
      <Filter>network</Filter>
    </ClInclude>
    <ClInclude Include="crypto\EmptyDataCipher.h">
      <Filter>crypto</Filter>
    </ClInclude>
    <ClInclude Include="system\DynamicLib.h">
      <Filter>system</Filter>
    </ClInclude>
    <ClInclude Include="system\win\Handle.h">
      <Filter>system\win</Filter>
    </ClInclude>
    <ClInclude Include="system\win\Process.h">
      <Filter>system\win</Filter>
    </ClInclude>
    <ClInclude Include="guid\guid.h">
      <Filter>guid</Filter>
    </ClInclude>
    <ClInclude Include="guid\GuidWin.h">
      <Filter>guid</Filter>
    </ClInclude>
    <ClInclude Include="guid\GuidLin.h">
      <Filter>guid</Filter>
    </ClInclude>
    <ClInclude Include="sqlitelib\sqlite\Database.h">
      <Filter>sqlitelib\sqlite</Filter>
    </ClInclude>
    <ClInclude Include="sqlitelib\sqlite\SqliteExc.h">
      <Filter>sqlitelib\sqlite</Filter>
    </ClInclude>
    <ClInclude Include="sqlitelib\sqlite\Statement.h">
      <Filter>sqlitelib\sqlite</Filter>
    </ClInclude>
    <ClInclude Include="sqlitelib\Database.h">
      <Filter>sqlitelib</Filter>
    </ClInclude>
    <ClInclude Include="sqlitelib\sqlite\db\sqlite3.h">
      <Filter>sqlitelib\sqlite\db</Filter>
    </ClInclude>
    <ClInclude Include="sqlitelib\sqlite\db\sqlite3ext.h">
      <Filter>sqlitelib\sqlite\db</Filter>
    </ClInclude>
    <ClInclude Include="sqlitelib\sqlite\Transaction.h">
      <Filter>sqlitelib\sqlite</Filter>
    </ClInclude>
    <ClInclude Include="sqlitelib\sqlite\filesys\VfsProxyIo.h">
      <Filter>sqlitelib\sqlite\filesys</Filter>
    </ClInclude>
    <ClInclude Include="sqlitelib\sqlite\filesys\VfsIO.h">
      <Filter>sqlitelib\sqlite\filesys</Filter>
    </ClInclude>
    <ClInclude Include="sqlitelib\sqlite\filesys\SqliteVfs.h">
      <Filter>sqlitelib\sqlite\filesys</Filter>
    </ClInclude>
    <ClInclude Include="sqlitelib\sqlite\CryptoContextHolder.h">
      <Filter>sqlitelib\sqlite</Filter>
    </ClInclude>
    <ClInclude Include="exception\WinNtExc.h">
      <Filter>exception\win</Filter>
    </ClInclude>
    <ClInclude Include="crypto\crypto.h">
      <Filter>crypto</Filter>
    </ClInclude>
    <ClInclude Include="crypto\CryptoData.h">
      <Filter>crypto</Filter>
    </ClInclude>
    <ClInclude Include="crypto\winapi\CryptoAlgoritmProvider.h">
      <Filter>crypto\winapi</Filter>
    </ClInclude>
    <ClInclude Include="crypto\winapi\random\RandomGenerator.h">
      <Filter>crypto\winapi\Random</Filter>
    </ClInclude>
    <ClInclude Include="crypto\winapi\CryptoFactory.h">
      <Filter>crypto\winapi</Filter>
    </ClInclude>
    <ClInclude Include="crypto\winapi\KeyGenerator.h">
      <Filter>crypto\winapi</Filter>
    </ClInclude>
    <ClInclude Include="filesystem\FilePosix.h">
      <Filter>filesystem</Filter>
    </ClInclude>
    <ClInclude Include="crypto\winapi\aes\AESCipher.h">
      <Filter>crypto\winapi\AES</Filter>
    </ClInclude>
    <ClInclude Include="crypto\winapi\SymmetricKey.h">
      <Filter>crypto\winapi</Filter>
    </ClInclude>
    <ClInclude Include="crypto\XTSBlockChiper.h">
      <Filter>crypto</Filter>
    </ClInclude>
    <ClInclude Include="sqlitelib\CryptoContext.h">
      <Filter>sqlitelib</Filter>
    </ClInclude>
    <ClInclude Include="utils\CRC.h">
      <Filter>utils</Filter>
    </ClInclude>
    <ClInclude Include="crypto\openssllib\EvpCipherCtx.h">
      <Filter>crypto\openssllib</Filter>
    </ClInclude>
    <ClInclude Include="crypto\openssllib\EnvCipher.h">
      <Filter>crypto\openssllib</Filter>
    </ClInclude>
    <ClInclude Include="crypto\openssllib\OpensslExc.h">
      <Filter>crypto\openssllib</Filter>
    </ClInclude>
    <ClInclude Include="crypto\openssllib\OpenSSlLib.h">
      <Filter>crypto\openssllib</Filter>
    </ClInclude>
    <ClInclude Include="crypto\openssllib\KeyGeneratorSSL.h">
      <Filter>crypto\openssllib</Filter>
    </ClInclude>
    <ClInclude Include="crypto\openssllib\CryptoFactoryOpenSSL.h">
      <Filter>crypto\openssllib</Filter>
    </ClInclude>
    <ClInclude Include="crypto\openssllib\AESCipherSSL.h">
      <Filter>crypto\openssllib</Filter>
    </ClInclude>
    <ClInclude Include="crypto\AESBase.h">
      <Filter>crypto</Filter>
    </ClInclude>
    <ClInclude Include="crypto\openssllib\RandomGeneratorSSL.h">
      <Filter>crypto\openssllib</Filter>
    </ClInclude>
  </ItemGroup>
  <ItemGroup>
    <ClCompile Include="stdafx.cpp">
      <Filter>Source Files</Filter>
    </ClCompile>
    <ClCompile Include="alloc\simpleAlloc.cpp">
      <Filter>alloc</Filter>
    </ClCompile>
    <ClCompile Include="str\str.cpp">
      <Filter>str</Filter>
    </ClCompile>
    <ClCompile Include="str\convertToString.cpp">
      <Filter>str</Filter>
    </ClCompile>
    <ClCompile Include="exception\exc_base.cpp">
      <Filter>exception</Filter>
    </ClCompile>
    <ClCompile Include="exception\WinExc.cpp">
      <Filter>exception\win</Filter>
    </ClCompile>
    <ClCompile Include="str\multibyte.cpp">
      <Filter>str</Filter>
    </ClCompile>
    <ClCompile Include="filesystem\FileWin.cpp">
      <Filter>filesystem</Filter>
    </ClCompile>
    <ClCompile Include="str\StringEncoding.cpp">
      <Filter>str</Filter>
    </ClCompile>
    <ClCompile Include="stream\stream.cpp">
      <Filter>stream</Filter>
    </ClCompile>
    <ClCompile Include="stream\MemoryStream.cpp">
      <Filter>stream</Filter>
    </ClCompile>
    <ClCompile Include="stream\FixedMemoryStream.cpp">
      <Filter>stream</Filter>
    </ClCompile>
    <ClCompile Include="log\logger.cpp">
      <Filter>log</Filter>
    </ClCompile>
    <ClCompile Include="filesystem\File.cpp">
      <Filter>filesystem</Filter>
    </ClCompile>
    <ClCompile Include="log\LogLinePerformer.cpp">
      <Filter>log</Filter>
    </ClCompile>
    <ClCompile Include="synch\thread.cpp">
      <Filter>synch</Filter>
    </ClCompile>
    <ClCompile Include="synch\WinThread.cpp">
      <Filter>synch</Filter>
    </ClCompile>
    <ClCompile Include="synch\PosixThread.cpp">
      <Filter>synch</Filter>
    </ClCompile>
    <ClCompile Include="system\win\DynamicLibWin.cpp">
      <Filter>system\win</Filter>
    </ClCompile>
    <ClCompile Include="log\FileAsyncLogger.cpp">
      <Filter>log</Filter>
    </ClCompile>
    <ClCompile Include="log\LogFileWriterBase.cpp">
      <Filter>log</Filter>
    </ClCompile>
    <ClCompile Include="filesystem\filesystemWin.cpp">
      <Filter>filesystem</Filter>
    </ClCompile>
    <ClCompile Include="filesystem\PathUtils.cpp">
      <Filter>filesystem</Filter>
    </ClCompile>
    <ClCompile Include="str\StrUtils.cpp">
      <Filter>str</Filter>
    </ClCompile>
    <ClCompile Include="compress\zlib\adler32.c">
      <Filter>compress\zlib</Filter>
    </ClCompile>
    <ClCompile Include="compress\zlib\compress.c">
      <Filter>compress\zlib</Filter>
    </ClCompile>
    <ClCompile Include="compress\zlib\crc32.c">
      <Filter>compress\zlib</Filter>
    </ClCompile>
    <ClCompile Include="compress\zlib\deflate.c">
      <Filter>compress\zlib</Filter>
    </ClCompile>
    <ClCompile Include="compress\zlib\gzclose.c">
      <Filter>compress\zlib</Filter>
    </ClCompile>
    <ClCompile Include="compress\zlib\gzlib.c">
      <Filter>compress\zlib</Filter>
    </ClCompile>
    <ClCompile Include="compress\zlib\gzread.c">
      <Filter>compress\zlib</Filter>
    </ClCompile>
    <ClCompile Include="compress\zlib\gzwrite.c">
      <Filter>compress\zlib</Filter>
    </ClCompile>
    <ClCompile Include="compress\zlib\infback.c">
      <Filter>compress\zlib</Filter>
    </ClCompile>
    <ClCompile Include="compress\zlib\inffast.c">
      <Filter>compress\zlib</Filter>
    </ClCompile>
    <ClCompile Include="compress\zlib\inflate.c">
      <Filter>compress\zlib</Filter>
    </ClCompile>
    <ClCompile Include="compress\zlib\inftrees.c">
      <Filter>compress\zlib</Filter>
    </ClCompile>
    <ClCompile Include="compress\zlib\trees.c">
      <Filter>compress\zlib</Filter>
    </ClCompile>
    <ClCompile Include="compress\zlib\uncompr.c">
      <Filter>compress\zlib</Filter>
    </ClCompile>
    <ClCompile Include="compress\zlib\zutil.c">
      <Filter>compress\zlib</Filter>
    </ClCompile>
    <ClCompile Include="compress\zlib\ZlibUtil.cpp">
      <Filter>compress\zlib</Filter>
    </ClCompile>
    <ClCompile Include="compress\zlib\ZStream.cpp">
      <Filter>compress\zlib</Filter>
    </ClCompile>
    <ClCompile Include="compress\zstd\ZstdCompressionStream.cpp">
      <Filter>compress\zstd</Filter>
    </ClCompile>
    <ClCompile Include="compress\zstd\ZstdDecompressionStream.cpp">
      <Filter>compress\zstd</Filter>
    </ClCompile>
    <ClCompile Include="perf\PerfCount.cpp">
      <Filter>perf</Filter>
    </ClCompile>
    <ClCompile Include="perf\win\PerformanceTimer.cpp">
      <Filter>perf\win</Filter>
    </ClCompile>
    <ClCompile Include="perf\lin\PerformanceTimer.cpp">
      <Filter>perf\lin</Filter>
    </ClCompile>
    <ClCompile Include="compress\zlib\ZDecompressStream.cpp">
      <Filter>compress\zlib</Filter>
    </ClCompile>
    <ClCompile Include="compress\zlib\ZCompressStream.cpp">
      <Filter>compress\zlib</Filter>
    </ClCompile>
    <ClCompile Include="stream\BitStream.cpp">
      <Filter>stream</Filter>
    </ClCompile>
    <ClCompile Include="stream\FixedBitStream.cpp">
      <Filter>stream</Filter>
    </ClCompile>
    <ClCompile Include="stream\WriteBitStream.cpp">
      <Filter>stream</Filter>
    </ClCompile>
    <ClCompile Include="log\ConsoleLogWriter.cpp">
      <Filter>log</Filter>
    </ClCompile>
    <ClCompile Include="exception\PosixExc.cpp">
      <Filter>exception\posix</Filter>
    </ClCompile>
    <ClCompile Include="filesystem\FilePosix.cpp">
      <Filter>filesystem</Filter>
    </ClCompile>
    <ClCompile Include="filesystem\filesystemPosix.cpp">
      <Filter>filesystem</Filter>
    </ClCompile>
    <ClCompile Include="exception\ComExc.cpp">
      <Filter>exception\win</Filter>
    </ClCompile>
    <ClCompile Include="exception\WinSockExc.cpp">
      <Filter>exception\win</Filter>
    </ClCompile>
    <ClCompile Include="network\BaseSocketIP.cpp">
      <Filter>network</Filter>
    </ClCompile>
    <ClCompile Include="network\ServerSocket.cpp">
      <Filter>network</Filter>
    </ClCompile>
    <ClCompile Include="network\ClientSocket.cpp">
      <Filter>network</Filter>
    </ClCompile>
    <ClCompile Include="network\SocketAddr.cpp">
      <Filter>network</Filter>
    </ClCompile>
    <ClCompile Include="network\AddrInfo.cpp">
      <Filter>network</Filter>
    </ClCompile>
    <ClCompile Include="network\AcceptedSocket.cpp">
      <Filter>network</Filter>
    </ClCompile>
    <ClCompile Include="network\SocketUtil.cpp">
      <Filter>network</Filter>
    </ClCompile>
    <ClCompile Include="data\ByteArray.cpp">
      <Filter>data</Filter>
    </ClCompile>
    <ClCompile Include="network\NetworkStreamIoDev.cpp">
      <Filter>network</Filter>
    </ClCompile>
    <ClCompile Include="crypto\EmptyDataCipher.cpp">
      <Filter>crypto</Filter>
    </ClCompile>
    <ClCompile Include="system\win\Handle.cpp">
      <Filter>system\win</Filter>
    </ClCompile>
    <ClCompile Include="system\win\Process.cpp">
      <Filter>system\win</Filter>
    </ClCompile>
    <ClCompile Include="guid\GuidWin.cpp">
      <Filter>guid</Filter>
    </ClCompile>
    <ClCompile Include="guid\GuidLin.cpp">
      <Filter>guid</Filter>
    </ClCompile>
    <ClCompile Include="sqlitelib\sqlite\Database.cpp">
      <Filter>sqlitelib\sqlite</Filter>
    </ClCompile>
    <ClCompile Include="sqlitelib\sqlite\SqliteExc.cpp">
      <Filter>sqlitelib\sqlite</Filter>
    </ClCompile>
    <ClCompile Include="sqlitelib\sqlite\Statement.cpp">
      <Filter>sqlitelib\sqlite</Filter>
    </ClCompile>
    <ClCompile Include="sqlitelib\sqlite\db\sqlite3.c">
      <Filter>sqlitelib\sqlite\db</Filter>
    </ClCompile>
    <ClCompile Include="sqlitelib\sqlite\Transaction.cpp">
      <Filter>sqlitelib\sqlite</Filter>
    </ClCompile>
    <ClCompile Include="sqlitelib\sqlite\filesys\VfsProxyIo.cpp">
      <Filter>sqlitelib\sqlite\filesys</Filter>
    </ClCompile>
    <ClCompile Include="sqlitelib\sqlite\filesys\VfsIO.cpp">
      <Filter>sqlitelib\sqlite\filesys</Filter>
    </ClCompile>
    <ClCompile Include="sqlitelib\sqlite\filesys\SqliteVfs.cpp">
      <Filter>sqlitelib\sqlite\filesys</Filter>
    </ClCompile>
    <ClCompile Include="sqlitelib\sqlite\CryptoContextHolder.cpp">
      <Filter>sqlitelib\sqlite</Filter>
    </ClCompile>
    <ClCompile Include="exception\WinNtExc.cpp">
      <Filter>exception\win</Filter>
    </ClCompile>
    <ClCompile Include="crypto\winapi\CryptoAlgoritmProvider.cpp">
      <Filter>crypto\winapi</Filter>
    </ClCompile>
    <ClCompile Include="crypto\winapi\random\RandomGenerator.cpp">
      <Filter>crypto\winapi\Random</Filter>
    </ClCompile>
    <ClCompile Include="crypto\winapi\CryptoFactory.cpp">
      <Filter>crypto\winapi</Filter>
    </ClCompile>
    <ClCompile Include="crypto\winapi\KeyGenerator.cpp">
      <Filter>crypto\winapi</Filter>
    </ClCompile>
    <ClCompile Include="crypto\winapi\aes\AESCipher.cpp">
      <Filter>crypto\winapi\AES</Filter>
    </ClCompile>
    <ClCompile Include="crypto\winapi\SymmetricKey.cpp">
      <Filter>crypto\winapi</Filter>
    </ClCompile>
    <ClCompile Include="crypto\XTSBlockChiper.cpp">
      <Filter>crypto</Filter>
    </ClCompile>
    <ClCompile Include="sqlitelib\CryptoContext.cpp">
      <Filter>sqlitelib</Filter>
    </ClCompile>
    <ClCompile Include="utils\CRC.cpp">
      <Filter>utils</Filter>
    </ClCompile>
    <ClCompile Include="crypto\openssllib\EvpCipherCtx.cpp">
      <Filter>crypto\openssllib</Filter>
    </ClCompile>
    <ClCompile Include="crypto\openssllib\EnvCipher.cpp">
      <Filter>crypto\openssllib</Filter>
    </ClCompile>
    <ClCompile Include="crypto\openssllib\OpensslExc.cpp">
      <Filter>crypto\openssllib</Filter>
    </ClCompile>
    <ClCompile Include="crypto\openssllib\OpenSSlLib.cpp">
      <Filter>crypto\openssllib</Filter>
    </ClCompile>
    <ClCompile Include="crypto\openssllib\KeyGeneratorSSL.cpp">
      <Filter>crypto\openssllib</Filter>
    </ClCompile>
    <ClCompile Include="crypto\openssllib\CryptoFactoryOpenSSL.cpp">
      <Filter>crypto\openssllib</Filter>
    </ClCompile>
    <ClCompile Include="crypto\openssllib\AESCipherSSL.cpp">
      <Filter>crypto\openssllib</Filter>
    </ClCompile>
    <ClCompile Include="crypto\AESBase.cpp">
      <Filter>crypto</Filter>
    </ClCompile>
    <ClCompile Include="crypto\openssllib\RandomGeneratorSSL.cpp">
      <Filter>crypto\openssllib</Filter>
    </ClCompile>
  </ItemGroup>
  <ItemGroup>
    <Text Include="CMakeLists.txt" />
  </ItemGroup>
</Project>